// !$*UTF8*$!
{
	archiveVersion = 1;
	classes = {
	};
	objectVersion = 56;
	objects = {

/* Begin PBXBuildFile section */
		091DEFF02BF507980088DAEC /* NewsBrain.swift in Sources */ = {isa = PBXBuildFile; fileRef = 091DEFEF2BF507980088DAEC /* NewsBrain.swift */; };
		092C7F892BF51D8600B0741D /* Alamofire in Frameworks */ = {isa = PBXBuildFile; productRef = 092C7F882BF51D8600B0741D /* Alamofire */; };
		09730D7A2BF4891700CED5EE /* NewsWebViewController.swift in Sources */ = {isa = PBXBuildFile; fileRef = 09730D792BF4891700CED5EE /* NewsWebViewController.swift */; };
		09730D7D2BF49EDA00CED5EE /* Articles.xcdatamodeld in Sources */ = {isa = PBXBuildFile; fileRef = 09730D7B2BF49EDA00CED5EE /* Articles.xcdatamodeld */; };
		09986F332BEF4F7900474AF6 /* AppDelegate.swift in Sources */ = {isa = PBXBuildFile; fileRef = 09986F322BEF4F7900474AF6 /* AppDelegate.swift */; };
		09986F352BEF4F7900474AF6 /* SceneDelegate.swift in Sources */ = {isa = PBXBuildFile; fileRef = 09986F342BEF4F7900474AF6 /* SceneDelegate.swift */; };
		09986F372BEF4F7900474AF6 /* NewsViewController.swift in Sources */ = {isa = PBXBuildFile; fileRef = 09986F362BEF4F7900474AF6 /* NewsViewController.swift */; };
		09986F3C2BEF4F7A00474AF6 /* Assets.xcassets in Resources */ = {isa = PBXBuildFile; fileRef = 09986F3B2BEF4F7A00474AF6 /* Assets.xcassets */; };
		09986F3F2BEF4F7A00474AF6 /* Base in Resources */ = {isa = PBXBuildFile; fileRef = 09986F3E2BEF4F7A00474AF6 /* Base */; };
		09986F4A2BEF577C00474AF6 /* SearchTextField.swift in Sources */ = {isa = PBXBuildFile; fileRef = 09986F492BEF577C00474AF6 /* SearchTextField.swift */; };
		09986F4C2BEF59DC00474AF6 /* UIColor.swift in Sources */ = {isa = PBXBuildFile; fileRef = 09986F4B2BEF59DC00474AF6 /* UIColor.swift */; };
		09986F4E2BEF63BD00474AF6 /* MainTabBarViewController.swift in Sources */ = {isa = PBXBuildFile; fileRef = 09986F4D2BEF63BD00474AF6 /* MainTabBarViewController.swift */; };
		09986F502BEF655B00474AF6 /* FavoritesViewController.swift in Sources */ = {isa = PBXBuildFile; fileRef = 09986F4F2BEF655B00474AF6 /* FavoritesViewController.swift */; };
		09986F522BEF6B7500474AF6 /* NewsAPI.swift in Sources */ = {isa = PBXBuildFile; fileRef = 09986F512BEF6B7500474AF6 /* NewsAPI.swift */; };
		09986F5A2BEF767300474AF6 /* GetNewsResponseModel.swift in Sources */ = {isa = PBXBuildFile; fileRef = 09986F592BEF767300474AF6 /* GetNewsResponseModel.swift */; };
		09B51B8D2BEFD1360061BA43 /* NewsSwiftCore.swift in Sources */ = {isa = PBXBuildFile; fileRef = 09B51B8C2BEFD1360061BA43 /* NewsSwiftCore.swift */; };
		09B51B8F2BEFD3690061BA43 /* NewsTableViewCell.swift in Sources */ = {isa = PBXBuildFile; fileRef = 09B51B8E2BEFD3690061BA43 /* NewsTableViewCell.swift */; };
		09ECB8882BF11D3A0032969F /* SearchButton.swift in Sources */ = {isa = PBXBuildFile; fileRef = 09ECB8872BF11D3A0032969F /* SearchButton.swift */; };
		09ECB88A2BF12F460032969F /* DetailedNewsViewController.swift in Sources */ = {isa = PBXBuildFile; fileRef = 09ECB8892BF12F460032969F /* DetailedNewsViewController.swift */; };
/* End PBXBuildFile section */

/* Begin PBXCopyFilesBuildPhase section */
		09A20B2F2BF3C1E30047CDDA /* Embed Frameworks */ = {
			isa = PBXCopyFilesBuildPhase;
			buildActionMask = 2147483647;
			dstPath = "";
			dstSubfolderSpec = 10;
			files = (
			);
			name = "Embed Frameworks";
			runOnlyForDeploymentPostprocessing = 0;
		};
/* End PBXCopyFilesBuildPhase section */

/* Begin PBXFileReference section */
		091DEFEF2BF507980088DAEC /* NewsBrain.swift */ = {isa = PBXFileReference; lastKnownFileType = sourcecode.swift; path = NewsBrain.swift; sourceTree = "<group>"; };
		09730D792BF4891700CED5EE /* NewsWebViewController.swift */ = {isa = PBXFileReference; lastKnownFileType = sourcecode.swift; path = NewsWebViewController.swift; sourceTree = "<group>"; };
		09730D7C2BF49EDA00CED5EE /* Articles.xcdatamodel */ = {isa = PBXFileReference; lastKnownFileType = wrapper.xcdatamodel; path = Articles.xcdatamodel; sourceTree = "<group>"; };
		09986F2F2BEF4F7900474AF6 /* News Application.app */ = {isa = PBXFileReference; explicitFileType = wrapper.application; includeInIndex = 0; path = "News Application.app"; sourceTree = BUILT_PRODUCTS_DIR; };
		09986F322BEF4F7900474AF6 /* AppDelegate.swift */ = {isa = PBXFileReference; lastKnownFileType = sourcecode.swift; path = AppDelegate.swift; sourceTree = "<group>"; };
		09986F342BEF4F7900474AF6 /* SceneDelegate.swift */ = {isa = PBXFileReference; lastKnownFileType = sourcecode.swift; path = SceneDelegate.swift; sourceTree = "<group>"; };
		09986F362BEF4F7900474AF6 /* NewsViewController.swift */ = {isa = PBXFileReference; lastKnownFileType = sourcecode.swift; path = NewsViewController.swift; sourceTree = "<group>"; };
		09986F3B2BEF4F7A00474AF6 /* Assets.xcassets */ = {isa = PBXFileReference; lastKnownFileType = folder.assetcatalog; path = Assets.xcassets; sourceTree = "<group>"; };
		09986F3E2BEF4F7A00474AF6 /* Base */ = {isa = PBXFileReference; lastKnownFileType = file.storyboard; name = Base; path = Base.lproj/LaunchScreen.storyboard; sourceTree = "<group>"; };
		09986F402BEF4F7A00474AF6 /* Info.plist */ = {isa = PBXFileReference; lastKnownFileType = text.plist.xml; path = Info.plist; sourceTree = "<group>"; };
		09986F492BEF577C00474AF6 /* SearchTextField.swift */ = {isa = PBXFileReference; lastKnownFileType = sourcecode.swift; path = SearchTextField.swift; sourceTree = "<group>"; };
		09986F4B2BEF59DC00474AF6 /* UIColor.swift */ = {isa = PBXFileReference; lastKnownFileType = sourcecode.swift; path = UIColor.swift; sourceTree = "<group>"; };
		09986F4D2BEF63BD00474AF6 /* MainTabBarViewController.swift */ = {isa = PBXFileReference; lastKnownFileType = sourcecode.swift; path = MainTabBarViewController.swift; sourceTree = "<group>"; };
		09986F4F2BEF655B00474AF6 /* FavoritesViewController.swift */ = {isa = PBXFileReference; lastKnownFileType = sourcecode.swift; path = FavoritesViewController.swift; sourceTree = "<group>"; };
		09986F512BEF6B7500474AF6 /* NewsAPI.swift */ = {isa = PBXFileReference; lastKnownFileType = sourcecode.swift; path = NewsAPI.swift; sourceTree = "<group>"; };
		09986F592BEF767300474AF6 /* GetNewsResponseModel.swift */ = {isa = PBXFileReference; lastKnownFileType = sourcecode.swift; path = GetNewsResponseModel.swift; sourceTree = "<group>"; };
		09B51B8C2BEFD1360061BA43 /* NewsSwiftCore.swift */ = {isa = PBXFileReference; lastKnownFileType = sourcecode.swift; path = NewsSwiftCore.swift; sourceTree = "<group>"; };
		09B51B8E2BEFD3690061BA43 /* NewsTableViewCell.swift */ = {isa = PBXFileReference; lastKnownFileType = sourcecode.swift; path = NewsTableViewCell.swift; sourceTree = "<group>"; };
		09ECB8872BF11D3A0032969F /* SearchButton.swift */ = {isa = PBXFileReference; lastKnownFileType = sourcecode.swift; path = SearchButton.swift; sourceTree = "<group>"; };
		09ECB8892BF12F460032969F /* DetailedNewsViewController.swift */ = {isa = PBXFileReference; lastKnownFileType = sourcecode.swift; path = DetailedNewsViewController.swift; sourceTree = "<group>"; };
/* End PBXFileReference section */

/* Begin PBXFrameworksBuildPhase section */
		09986F2C2BEF4F7900474AF6 /* Frameworks */ = {
			isa = PBXFrameworksBuildPhase;
			buildActionMask = 2147483647;
			files = (
				092C7F892BF51D8600B0741D /* Alamofire in Frameworks */,
			);
			runOnlyForDeploymentPostprocessing = 0;
		};
/* End PBXFrameworksBuildPhase section */

/* Begin PBXGroup section */
		09986F262BEF4F7900474AF6 = {
			isa = PBXGroup;
			children = (
				09730D7B2BF49EDA00CED5EE /* Articles.xcdatamodeld */,
				09986F312BEF4F7900474AF6 /* News Application */,
				09986F302BEF4F7900474AF6 /* Products */,
			);
			sourceTree = "<group>";
		};
		09986F302BEF4F7900474AF6 /* Products */ = {
			isa = PBXGroup;
			children = (
				09986F2F2BEF4F7900474AF6 /* News Application.app */,
			);
			name = Products;
			sourceTree = "<group>";
		};
		09986F312BEF4F7900474AF6 /* News Application */ = {
			isa = PBXGroup;
			children = (
				09986F482BEF51B500474AF6 /* Model */,
				09986F472BEF51A500474AF6 /* View */,
				09986F462BEF519400474AF6 /* Controller */,
				09986F342BEF4F7900474AF6 /* SceneDelegate.swift */,
				09986F322BEF4F7900474AF6 /* AppDelegate.swift */,
				09986F3B2BEF4F7A00474AF6 /* Assets.xcassets */,
				09986F3D2BEF4F7A00474AF6 /* LaunchScreen.storyboard */,
				09986F402BEF4F7A00474AF6 /* Info.plist */,
			);
			path = "News Application";
			sourceTree = "<group>";
		};
		09986F462BEF519400474AF6 /* Controller */ = {
			isa = PBXGroup;
			children = (
				09986F362BEF4F7900474AF6 /* NewsViewController.swift */,
				09986F4D2BEF63BD00474AF6 /* MainTabBarViewController.swift */,
				09986F4F2BEF655B00474AF6 /* FavoritesViewController.swift */,
				09ECB8892BF12F460032969F /* DetailedNewsViewController.swift */,
				09730D792BF4891700CED5EE /* NewsWebViewController.swift */,
			);
			path = Controller;
			sourceTree = "<group>";
		};
		09986F472BEF51A500474AF6 /* View */ = {
			isa = PBXGroup;
			children = (
				09986F492BEF577C00474AF6 /* SearchTextField.swift */,
				09B51B8E2BEFD3690061BA43 /* NewsTableViewCell.swift */,
				09ECB8872BF11D3A0032969F /* SearchButton.swift */,
			);
			path = View;
			sourceTree = "<group>";
		};
		09986F482BEF51B500474AF6 /* Model */ = {
			isa = PBXGroup;
			children = (
				09986F582BEF71C500474AF6 /* NewsModels */,
				09986F4B2BEF59DC00474AF6 /* UIColor.swift */,
				09986F512BEF6B7500474AF6 /* NewsAPI.swift */,
				09B51B8C2BEFD1360061BA43 /* NewsSwiftCore.swift */,
				091DEFEF2BF507980088DAEC /* NewsBrain.swift */,
			);
			path = Model;
			sourceTree = "<group>";
		};
		09986F582BEF71C500474AF6 /* NewsModels */ = {
			isa = PBXGroup;
			children = (
				09986F592BEF767300474AF6 /* GetNewsResponseModel.swift */,
			);
			path = NewsModels;
			sourceTree = "<group>";
		};
/* End PBXGroup section */

/* Begin PBXNativeTarget section */
		09986F2E2BEF4F7900474AF6 /* News Application */ = {
			isa = PBXNativeTarget;
			buildConfigurationList = 09986F432BEF4F7A00474AF6 /* Build configuration list for PBXNativeTarget "News Application" */;
			buildPhases = (
				09986F2B2BEF4F7900474AF6 /* Sources */,
				09986F2C2BEF4F7900474AF6 /* Frameworks */,
				09986F2D2BEF4F7900474AF6 /* Resources */,
				09A20B2F2BF3C1E30047CDDA /* Embed Frameworks */,
			);
			buildRules = (
			);
			dependencies = (
			);
			name = "News Application";
			packageProductDependencies = (
				092C7F882BF51D8600B0741D /* Alamofire */,
			);
			productName = "News Application";
			productReference = 09986F2F2BEF4F7900474AF6 /* News Application.app */;
			productType = "com.apple.product-type.application";
		};
/* End PBXNativeTarget section */

/* Begin PBXProject section */
		09986F272BEF4F7900474AF6 /* Project object */ = {
			isa = PBXProject;
			attributes = {
				BuildIndependentTargetsInParallel = 1;
				LastSwiftUpdateCheck = 1530;
				LastUpgradeCheck = 1530;
				TargetAttributes = {
					09986F2E2BEF4F7900474AF6 = {
						CreatedOnToolsVersion = 15.3;
					};
				};
			};
			buildConfigurationList = 09986F2A2BEF4F7900474AF6 /* Build configuration list for PBXProject "News Application" */;
			compatibilityVersion = "Xcode 14.0";
			developmentRegion = en;
			hasScannedForEncodings = 0;
			knownRegions = (
				en,
				Base,
			);
			mainGroup = 09986F262BEF4F7900474AF6;
			packageReferences = (
				09986F532BEF6D2A00474AF6 /* XCRemoteSwiftPackageReference "Alamofire" */,
			);
			productRefGroup = 09986F302BEF4F7900474AF6 /* Products */;
			projectDirPath = "";
			projectRoot = "";
			targets = (
				09986F2E2BEF4F7900474AF6 /* News Application */,
			);
		};
/* End PBXProject section */

/* Begin PBXResourcesBuildPhase section */
		09986F2D2BEF4F7900474AF6 /* Resources */ = {
			isa = PBXResourcesBuildPhase;
			buildActionMask = 2147483647;
			files = (
				09986F3C2BEF4F7A00474AF6 /* Assets.xcassets in Resources */,
				09986F3F2BEF4F7A00474AF6 /* Base in Resources */,
			);
			runOnlyForDeploymentPostprocessing = 0;
		};
/* End PBXResourcesBuildPhase section */

/* Begin PBXSourcesBuildPhase section */
		09986F2B2BEF4F7900474AF6 /* Sources */ = {
			isa = PBXSourcesBuildPhase;
			buildActionMask = 2147483647;
			files = (
				091DEFF02BF507980088DAEC /* NewsBrain.swift in Sources */,
				09986F372BEF4F7900474AF6 /* NewsViewController.swift in Sources */,
				09ECB88A2BF12F460032969F /* DetailedNewsViewController.swift in Sources */,
				09730D7A2BF4891700CED5EE /* NewsWebViewController.swift in Sources */,
				09ECB8882BF11D3A0032969F /* SearchButton.swift in Sources */,
				09730D7D2BF49EDA00CED5EE /* Articles.xcdatamodeld in Sources */,
				09B51B8F2BEFD3690061BA43 /* NewsTableViewCell.swift in Sources */,
				09986F332BEF4F7900474AF6 /* AppDelegate.swift in Sources */,
				09986F502BEF655B00474AF6 /* FavoritesViewController.swift in Sources */,
				09986F352BEF4F7900474AF6 /* SceneDelegate.swift in Sources */,
				09986F5A2BEF767300474AF6 /* GetNewsResponseModel.swift in Sources */,
				09B51B8D2BEFD1360061BA43 /* NewsSwiftCore.swift in Sources */,
				09986F4E2BEF63BD00474AF6 /* MainTabBarViewController.swift in Sources */,
				09986F4A2BEF577C00474AF6 /* SearchTextField.swift in Sources */,
				09986F4C2BEF59DC00474AF6 /* UIColor.swift in Sources */,
				09986F522BEF6B7500474AF6 /* NewsAPI.swift in Sources */,
			);
			runOnlyForDeploymentPostprocessing = 0;
		};
/* End PBXSourcesBuildPhase section */

/* Begin PBXVariantGroup section */
		09986F3D2BEF4F7A00474AF6 /* LaunchScreen.storyboard */ = {
			isa = PBXVariantGroup;
			children = (
				09986F3E2BEF4F7A00474AF6 /* Base */,
			);
			name = LaunchScreen.storyboard;
			sourceTree = "<group>";
		};
/* End PBXVariantGroup section */

/* Begin XCBuildConfiguration section */
		09986F412BEF4F7A00474AF6 /* Debug */ = {
			isa = XCBuildConfiguration;
			buildSettings = {
				ALWAYS_SEARCH_USER_PATHS = NO;
				ASSETCATALOG_COMPILER_GENERATE_SWIFT_ASSET_SYMBOL_EXTENSIONS = YES;
				CLANG_ANALYZER_NONNULL = YES;
				CLANG_ANALYZER_NUMBER_OBJECT_CONVERSION = YES_AGGRESSIVE;
				CLANG_CXX_LANGUAGE_STANDARD = "gnu++20";
				CLANG_ENABLE_MODULES = YES;
				CLANG_ENABLE_OBJC_ARC = YES;
				CLANG_ENABLE_OBJC_WEAK = YES;
				CLANG_WARN_BLOCK_CAPTURE_AUTORELEASING = YES;
				CLANG_WARN_BOOL_CONVERSION = YES;
				CLANG_WARN_COMMA = YES;
				CLANG_WARN_CONSTANT_CONVERSION = YES;
				CLANG_WARN_DEPRECATED_OBJC_IMPLEMENTATIONS = YES;
				CLANG_WARN_DIRECT_OBJC_ISA_USAGE = YES_ERROR;
				CLANG_WARN_DOCUMENTATION_COMMENTS = YES;
				CLANG_WARN_EMPTY_BODY = YES;
				CLANG_WARN_ENUM_CONVERSION = YES;
				CLANG_WARN_INFINITE_RECURSION = YES;
				CLANG_WARN_INT_CONVERSION = YES;
				CLANG_WARN_NON_LITERAL_NULL_CONVERSION = YES;
				CLANG_WARN_OBJC_IMPLICIT_RETAIN_SELF = YES;
				CLANG_WARN_OBJC_LITERAL_CONVERSION = YES;
				CLANG_WARN_OBJC_ROOT_CLASS = YES_ERROR;
				CLANG_WARN_QUOTED_INCLUDE_IN_FRAMEWORK_HEADER = YES;
				CLANG_WARN_RANGE_LOOP_ANALYSIS = YES;
				CLANG_WARN_STRICT_PROTOTYPES = YES;
				CLANG_WARN_SUSPICIOUS_MOVE = YES;
				CLANG_WARN_UNGUARDED_AVAILABILITY = YES_AGGRESSIVE;
				CLANG_WARN_UNREACHABLE_CODE = YES;
				CLANG_WARN__DUPLICATE_METHOD_MATCH = YES;
				COPY_PHASE_STRIP = NO;
				DEBUG_INFORMATION_FORMAT = dwarf;
				ENABLE_STRICT_OBJC_MSGSEND = YES;
				ENABLE_TESTABILITY = YES;
				ENABLE_USER_SCRIPT_SANDBOXING = YES;
				GCC_C_LANGUAGE_STANDARD = gnu17;
				GCC_DYNAMIC_NO_PIC = NO;
				GCC_NO_COMMON_BLOCKS = YES;
				GCC_OPTIMIZATION_LEVEL = 0;
				GCC_PREPROCESSOR_DEFINITIONS = (
					"DEBUG=1",
					"$(inherited)",
				);
				GCC_WARN_64_TO_32_BIT_CONVERSION = YES;
				GCC_WARN_ABOUT_RETURN_TYPE = YES_ERROR;
				GCC_WARN_UNDECLARED_SELECTOR = YES;
				GCC_WARN_UNINITIALIZED_AUTOS = YES_AGGRESSIVE;
				GCC_WARN_UNUSED_FUNCTION = YES;
				GCC_WARN_UNUSED_VARIABLE = YES;
				IPHONEOS_DEPLOYMENT_TARGET = 17.4;
				LOCALIZATION_PREFERS_STRING_CATALOGS = YES;
				MTL_ENABLE_DEBUG_INFO = INCLUDE_SOURCE;
				MTL_FAST_MATH = YES;
				ONLY_ACTIVE_ARCH = YES;
				SDKROOT = iphoneos;
				SWIFT_ACTIVE_COMPILATION_CONDITIONS = "DEBUG $(inherited)";
				SWIFT_OPTIMIZATION_LEVEL = "-Onone";
			};
			name = Debug;
		};
		09986F422BEF4F7A00474AF6 /* Release */ = {
			isa = XCBuildConfiguration;
			buildSettings = {
				ALWAYS_SEARCH_USER_PATHS = NO;
				ASSETCATALOG_COMPILER_GENERATE_SWIFT_ASSET_SYMBOL_EXTENSIONS = YES;
				CLANG_ANALYZER_NONNULL = YES;
				CLANG_ANALYZER_NUMBER_OBJECT_CONVERSION = YES_AGGRESSIVE;
				CLANG_CXX_LANGUAGE_STANDARD = "gnu++20";
				CLANG_ENABLE_MODULES = YES;
				CLANG_ENABLE_OBJC_ARC = YES;
				CLANG_ENABLE_OBJC_WEAK = YES;
				CLANG_WARN_BLOCK_CAPTURE_AUTORELEASING = YES;
				CLANG_WARN_BOOL_CONVERSION = YES;
				CLANG_WARN_COMMA = YES;
				CLANG_WARN_CONSTANT_CONVERSION = YES;
				CLANG_WARN_DEPRECATED_OBJC_IMPLEMENTATIONS = YES;
				CLANG_WARN_DIRECT_OBJC_ISA_USAGE = YES_ERROR;
				CLANG_WARN_DOCUMENTATION_COMMENTS = YES;
				CLANG_WARN_EMPTY_BODY = YES;
				CLANG_WARN_ENUM_CONVERSION = YES;
				CLANG_WARN_INFINITE_RECURSION = YES;
				CLANG_WARN_INT_CONVERSION = YES;
				CLANG_WARN_NON_LITERAL_NULL_CONVERSION = YES;
				CLANG_WARN_OBJC_IMPLICIT_RETAIN_SELF = YES;
				CLANG_WARN_OBJC_LITERAL_CONVERSION = YES;
				CLANG_WARN_OBJC_ROOT_CLASS = YES_ERROR;
				CLANG_WARN_QUOTED_INCLUDE_IN_FRAMEWORK_HEADER = YES;
				CLANG_WARN_RANGE_LOOP_ANALYSIS = YES;
				CLANG_WARN_STRICT_PROTOTYPES = YES;
				CLANG_WARN_SUSPICIOUS_MOVE = YES;
				CLANG_WARN_UNGUARDED_AVAILABILITY = YES_AGGRESSIVE;
				CLANG_WARN_UNREACHABLE_CODE = YES;
				CLANG_WARN__DUPLICATE_METHOD_MATCH = YES;
				COPY_PHASE_STRIP = NO;
				DEBUG_INFORMATION_FORMAT = "dwarf-with-dsym";
				ENABLE_NS_ASSERTIONS = NO;
				ENABLE_STRICT_OBJC_MSGSEND = YES;
				ENABLE_USER_SCRIPT_SANDBOXING = YES;
				GCC_C_LANGUAGE_STANDARD = gnu17;
				GCC_NO_COMMON_BLOCKS = YES;
				GCC_WARN_64_TO_32_BIT_CONVERSION = YES;
				GCC_WARN_ABOUT_RETURN_TYPE = YES_ERROR;
				GCC_WARN_UNDECLARED_SELECTOR = YES;
				GCC_WARN_UNINITIALIZED_AUTOS = YES_AGGRESSIVE;
				GCC_WARN_UNUSED_FUNCTION = YES;
				GCC_WARN_UNUSED_VARIABLE = YES;
				IPHONEOS_DEPLOYMENT_TARGET = 17.4;
				LOCALIZATION_PREFERS_STRING_CATALOGS = YES;
				MTL_ENABLE_DEBUG_INFO = NO;
				MTL_FAST_MATH = YES;
				SDKROOT = iphoneos;
				SWIFT_COMPILATION_MODE = wholemodule;
				VALIDATE_PRODUCT = YES;
			};
			name = Release;
		};
		09986F442BEF4F7A00474AF6 /* Debug */ = {
			isa = XCBuildConfiguration;
			buildSettings = {
				ASSETCATALOG_COMPILER_APPICON_NAME = AppIcon;
				ASSETCATALOG_COMPILER_GLOBAL_ACCENT_COLOR_NAME = AccentColor;
				CODE_SIGN_IDENTITY = "Apple Development";
				CODE_SIGN_STYLE = Automatic;
				CURRENT_PROJECT_VERSION = 1;
				DEVELOPMENT_TEAM = "";
				GENERATE_INFOPLIST_FILE = YES;
				INFOPLIST_FILE = "News Application/Info.plist";
				INFOPLIST_KEY_UIApplicationSupportsIndirectInputEvents = YES;
				INFOPLIST_KEY_UILaunchStoryboardName = LaunchScreen;
				INFOPLIST_KEY_UISupportedInterfaceOrientations_iPad = "UIInterfaceOrientationPortrait UIInterfaceOrientationPortraitUpsideDown UIInterfaceOrientationLandscapeLeft UIInterfaceOrientationLandscapeRight";
				INFOPLIST_KEY_UISupportedInterfaceOrientations_iPhone = "UIInterfaceOrientationPortrait UIInterfaceOrientationLandscapeLeft UIInterfaceOrientationLandscapeRight";
				LD_RUNPATH_SEARCH_PATHS = (
					"$(inherited)",
					"@executable_path/Frameworks",
				);
				MARKETING_VERSION = 1.0;
				PRODUCT_BUNDLE_IDENTIFIER = "com.onuralan.News-Application";
				PRODUCT_NAME = "$(TARGET_NAME)";
				PROVISIONING_PROFILE_SPECIFIER = "";
				SWIFT_EMIT_LOC_STRINGS = YES;
				SWIFT_VERSION = 5.0;
				TARGETED_DEVICE_FAMILY = "1,2";
			};
			name = Debug;
		};
		09986F452BEF4F7A00474AF6 /* Release */ = {
			isa = XCBuildConfiguration;
			buildSettings = {
				ASSETCATALOG_COMPILER_APPICON_NAME = AppIcon;
				ASSETCATALOG_COMPILER_GLOBAL_ACCENT_COLOR_NAME = AccentColor;
				CODE_SIGN_IDENTITY = "Apple Development";
				CODE_SIGN_STYLE = Automatic;
				CURRENT_PROJECT_VERSION = 1;
				DEVELOPMENT_TEAM = "";
				GENERATE_INFOPLIST_FILE = YES;
				INFOPLIST_FILE = "News Application/Info.plist";
				INFOPLIST_KEY_UIApplicationSupportsIndirectInputEvents = YES;
				INFOPLIST_KEY_UILaunchStoryboardName = LaunchScreen;
				INFOPLIST_KEY_UISupportedInterfaceOrientations_iPad = "UIInterfaceOrientationPortrait UIInterfaceOrientationPortraitUpsideDown UIInterfaceOrientationLandscapeLeft UIInterfaceOrientationLandscapeRight";
				INFOPLIST_KEY_UISupportedInterfaceOrientations_iPhone = "UIInterfaceOrientationPortrait UIInterfaceOrientationLandscapeLeft UIInterfaceOrientationLandscapeRight";
				LD_RUNPATH_SEARCH_PATHS = (
					"$(inherited)",
					"@executable_path/Frameworks",
				);
				MARKETING_VERSION = 1.0;
				PRODUCT_BUNDLE_IDENTIFIER = "com.onuralan.News-Application";
				PRODUCT_NAME = "$(TARGET_NAME)";
				PROVISIONING_PROFILE_SPECIFIER = "";
				SWIFT_EMIT_LOC_STRINGS = YES;
				SWIFT_VERSION = 5.0;
				TARGETED_DEVICE_FAMILY = "1,2";
			};
			name = Release;
		};
/* End XCBuildConfiguration section */

/* Begin XCConfigurationList section */
		09986F2A2BEF4F7900474AF6 /* Build configuration list for PBXProject "News Application" */ = {
			isa = XCConfigurationList;
			buildConfigurations = (
				09986F412BEF4F7A00474AF6 /* Debug */,
				09986F422BEF4F7A00474AF6 /* Release */,
			);
			defaultConfigurationIsVisible = 0;
			defaultConfigurationName = Release;
		};
		09986F432BEF4F7A00474AF6 /* Build configuration list for PBXNativeTarget "News Application" */ = {
			isa = XCConfigurationList;
			buildConfigurations = (
				09986F442BEF4F7A00474AF6 /* Debug */,
				09986F452BEF4F7A00474AF6 /* Release */,
			);
			defaultConfigurationIsVisible = 0;
			defaultConfigurationName = Release;
		};
/* End XCConfigurationList section */

/* Begin XCRemoteSwiftPackageReference section */
		09986F532BEF6D2A00474AF6 /* XCRemoteSwiftPackageReference "Alamofire" */ = {
			isa = XCRemoteSwiftPackageReference;
			repositoryURL = "https://github.com/Alamofire/Alamofire.git";
			requirement = {
				kind = upToNextMajorVersion;
				minimumVersion = 5.9.1;
			};
		};
/* End XCRemoteSwiftPackageReference section */

/* Begin XCSwiftPackageProductDependency section */
		092C7F882BF51D8600B0741D /* Alamofire */ = {
			isa = XCSwiftPackageProductDependency;
			package = 09986F532BEF6D2A00474AF6 /* XCRemoteSwiftPackageReference "Alamofire" */;
			productName = Alamofire;
		};
/* End XCSwiftPackageProductDependency section */

/* Begin XCVersionGroup section */
		09730D7B2BF49EDA00CED5EE /* Articles.xcdatamodeld */ = {
			isa = XCVersionGroup;
			children = (
				09730D7C2BF49EDA00CED5EE /* Articles.xcdatamodel */,
			);
			currentVersion = 09730D7C2BF49EDA00CED5EE /* Articles.xcdatamodel */;
			name = Articles.xcdatamodeld;
			path = "/Users/onuralan/Desktop/OnurIosProjects/News Application/Articles.xcdatamodeld";
			sourceTree = "<group>";
			versionGroupType = wrapper.xcdatamodel;
		};
/* End XCVersionGroup section */
	};
	rootObject = 09986F272BEF4F7900474AF6 /* Project object */;
}
